
Microsoft Visual Studio Solution File, Format Version 12.00
# Visual Studio 14
VisualStudioVersion = 14.0.25420.1
MinimumVisualStudioVersion = 10.0.40219.1
Project("{2150E333-8FDC-42A3-9474-1A3956D46DE8}") = "Client", "Client", "{689A472F-E7AD-4874-9941-7F2DA71E5E36}"
EndProject
Project("{2150E333-8FDC-42A3-9474-1A3956D46DE8}") = "Server", "Server", "{3383C466-CD5C-4370-B714-A4E72342DD42}"
EndProject
Project("{2150E333-8FDC-42A3-9474-1A3956D46DE8}") = "CrossCutting", "CrossCutting", "{514CC4EF-6508-43F1-8AAE-F74A6579B7E8}"
EndProject
Project("{FAE04EC0-301F-11D3-BF4B-00C04F79EFBC}") = "CrossCutting.Networking", "CrossCutting.Networking\CrossCutting.Networking.csproj", "{6C21F718-0E65-4E8A-9F1C-132B91B67E45}"
EndProject
Project("{2150E333-8FDC-42A3-9474-1A3956D46DE8}") = "Tests", "Tests", "{DEAAB2A7-8253-4567-A351-7C7513E4CD08}"
EndProject
Project("{FAE04EC0-301F-11D3-BF4B-00C04F79EFBC}") = "Tests.CrossCutting.Networking", "Tests.CrossCutting.Networking\Tests.CrossCutting.Networking.csproj", "{9DBE2417-18EB-48F9-8955-07A2B1DBDB2E}"
EndProject
Project("{FAE04EC0-301F-11D3-BF4B-00C04F79EFBC}") = "Client.Controllers", "Client.Controllers\Client.Controllers.csproj", "{21068E04-70A9-42D0-8FC0-2D88995EDDC5}"
EndProject
Project("{FAE04EC0-301F-11D3-BF4B-00C04F79EFBC}") = "Client.UI", "Client.UI\Client.UI.csproj", "{3D6BAF00-449E-4FF7-9735-D40E8536A598}"
EndProject
Project("{FAE04EC0-301F-11D3-BF4B-00C04F79EFBC}") = "CrossCutting.Entities", "CrossCutting.Entities\CrossCutting.Entities.csproj", "{5F144F77-2CD9-40A0-ACB9-7E304A75B75D}"
EndProject
Project("{FAE04EC0-301F-11D3-BF4B-00C04F79EFBC}") = "CrossCutting.Logging", "CrossCutting.Logging\CrossCutting.Logging.csproj", "{9AE4314C-E7E8-4378-9E25-F706E0647BC0}"
EndProject
Project("{FAE04EC0-301F-11D3-BF4B-00C04F79EFBC}") = "Server.DataAccess", "Server.DataAccess\Server.DataAccess.csproj", "{0D413D3A-463F-4BD3-A111-F30F61CCCAF1}"
EndProject
Project("{00D1A9C2-B5F0-4AF3-8072-F6C62B433612}") = "Server.Database", "Server.Database\Server.Database.sqlproj", "{210AE7CF-C00C-4CF5-9B9C-0F80889A1BB4}"
EndProject
Project("{FAE04EC0-301F-11D3-BF4B-00C04F79EFBC}") = "Server.Services", "Server.Services\Server.Services.csproj", "{8482B583-CA5B-42C0-A8FF-A03B19D9672B}"
EndProject
Global
	GlobalSection(SolutionConfigurationPlatforms) = preSolution
		Debug|Any CPU = Debug|Any CPU
		Release|Any CPU = Release|Any CPU
	EndGlobalSection
	GlobalSection(ProjectConfigurationPlatforms) = postSolution
		{6C21F718-0E65-4E8A-9F1C-132B91B67E45}.Debug|Any CPU.ActiveCfg = Debug|Any CPU
		{6C21F718-0E65-4E8A-9F1C-132B91B67E45}.Debug|Any CPU.Build.0 = Debug|Any CPU
		{6C21F718-0E65-4E8A-9F1C-132B91B67E45}.Release|Any CPU.ActiveCfg = Release|Any CPU
		{6C21F718-0E65-4E8A-9F1C-132B91B67E45}.Release|Any CPU.Build.0 = Release|Any CPU
		{9DBE2417-18EB-48F9-8955-07A2B1DBDB2E}.Debug|Any CPU.ActiveCfg = Debug|Any CPU
		{9DBE2417-18EB-48F9-8955-07A2B1DBDB2E}.Debug|Any CPU.Build.0 = Debug|Any CPU
		{9DBE2417-18EB-48F9-8955-07A2B1DBDB2E}.Release|Any CPU.ActiveCfg = Release|Any CPU
		{9DBE2417-18EB-48F9-8955-07A2B1DBDB2E}.Release|Any CPU.Build.0 = Release|Any CPU
		{21068E04-70A9-42D0-8FC0-2D88995EDDC5}.Debug|Any CPU.ActiveCfg = Debug|Any CPU
		{21068E04-70A9-42D0-8FC0-2D88995EDDC5}.Debug|Any CPU.Build.0 = Debug|Any CPU
		{21068E04-70A9-42D0-8FC0-2D88995EDDC5}.Release|Any CPU.ActiveCfg = Release|Any CPU
		{21068E04-70A9-42D0-8FC0-2D88995EDDC5}.Release|Any CPU.Build.0 = Release|Any CPU
		{3D6BAF00-449E-4FF7-9735-D40E8536A598}.Debug|Any CPU.ActiveCfg = Debug|Any CPU
		{3D6BAF00-449E-4FF7-9735-D40E8536A598}.Debug|Any CPU.Build.0 = Debug|Any CPU
		{3D6BAF00-449E-4FF7-9735-D40E8536A598}.Release|Any CPU.ActiveCfg = Release|Any CPU
		{3D6BAF00-449E-4FF7-9735-D40E8536A598}.Release|Any CPU.Build.0 = Release|Any CPU
		{5F144F77-2CD9-40A0-ACB9-7E304A75B75D}.Debug|Any CPU.ActiveCfg = Debug|Any CPU
		{5F144F77-2CD9-40A0-ACB9-7E304A75B75D}.Debug|Any CPU.Build.0 = Debug|Any CPU
		{5F144F77-2CD9-40A0-ACB9-7E304A75B75D}.Release|Any CPU.ActiveCfg = Release|Any CPU
		{5F144F77-2CD9-40A0-ACB9-7E304A75B75D}.Release|Any CPU.Build.0 = Release|Any CPU
		{9AE4314C-E7E8-4378-9E25-F706E0647BC0}.Debug|Any CPU.ActiveCfg = Debug|Any CPU
		{9AE4314C-E7E8-4378-9E25-F706E0647BC0}.Debug|Any CPU.Build.0 = Debug|Any CPU
		{9AE4314C-E7E8-4378-9E25-F706E0647BC0}.Release|Any CPU.ActiveCfg = Release|Any CPU
		{9AE4314C-E7E8-4378-9E25-F706E0647BC0}.Release|Any CPU.Build.0 = Release|Any CPU
		{0D413D3A-463F-4BD3-A111-F30F61CCCAF1}.Debug|Any CPU.ActiveCfg = Debug|Any CPU
		{0D413D3A-463F-4BD3-A111-F30F61CCCAF1}.Debug|Any CPU.Build.0 = Debug|Any CPU
		{0D413D3A-463F-4BD3-A111-F30F61CCCAF1}.Release|Any CPU.ActiveCfg = Release|Any CPU
		{0D413D3A-463F-4BD3-A111-F30F61CCCAF1}.Release|Any CPU.Build.0 = Release|Any CPU
		{210AE7CF-C00C-4CF5-9B9C-0F80889A1BB4}.Debug|Any CPU.ActiveCfg = Debug|Any CPU
		{210AE7CF-C00C-4CF5-9B9C-0F80889A1BB4}.Debug|Any CPU.Build.0 = Debug|Any CPU
		{210AE7CF-C00C-4CF5-9B9C-0F80889A1BB4}.Debug|Any CPU.Deploy.0 = Debug|Any CPU
		{210AE7CF-C00C-4CF5-9B9C-0F80889A1BB4}.Release|Any CPU.ActiveCfg = Release|Any CPU
		{210AE7CF-C00C-4CF5-9B9C-0F80889A1BB4}.Release|Any CPU.Build.0 = Release|Any CPU
		{210AE7CF-C00C-4CF5-9B9C-0F80889A1BB4}.Release|Any CPU.Deploy.0 = Release|Any CPU
		{8482B583-CA5B-42C0-A8FF-A03B19D9672B}.Debug|Any CPU.ActiveCfg = Debug|Any CPU
		{8482B583-CA5B-42C0-A8FF-A03B19D9672B}.Debug|Any CPU.Build.0 = Debug|Any CPU
		{8482B583-CA5B-42C0-A8FF-A03B19D9672B}.Release|Any CPU.ActiveCfg = Release|Any CPU
		{8482B583-CA5B-42C0-A8FF-A03B19D9672B}.Release|Any CPU.Build.0 = Release|Any CPU
	EndGlobalSection
	GlobalSection(SolutionProperties) = preSolution
		HideSolutionNode = FALSE
	EndGlobalSection
	GlobalSection(NestedProjects) = preSolution
		{6C21F718-0E65-4E8A-9F1C-132B91B67E45} = {514CC4EF-6508-43F1-8AAE-F74A6579B7E8}
		{9DBE2417-18EB-48F9-8955-07A2B1DBDB2E} = {DEAAB2A7-8253-4567-A351-7C7513E4CD08}
		{21068E04-70A9-42D0-8FC0-2D88995EDDC5} = {689A472F-E7AD-4874-9941-7F2DA71E5E36}
		{3D6BAF00-449E-4FF7-9735-D40E8536A598} = {689A472F-E7AD-4874-9941-7F2DA71E5E36}
		{5F144F77-2CD9-40A0-ACB9-7E304A75B75D} = {514CC4EF-6508-43F1-8AAE-F74A6579B7E8}
		{9AE4314C-E7E8-4378-9E25-F706E0647BC0} = {514CC4EF-6508-43F1-8AAE-F74A6579B7E8}
		{0D413D3A-463F-4BD3-A111-F30F61CCCAF1} = {3383C466-CD5C-4370-B714-A4E72342DD42}
		{210AE7CF-C00C-4CF5-9B9C-0F80889A1BB4} = {3383C466-CD5C-4370-B714-A4E72342DD42}
		{8482B583-CA5B-42C0-A8FF-A03B19D9672B} = {3383C466-CD5C-4370-B714-A4E72342DD42}
	EndGlobalSection
EndGlobal
